
Microsoft Visual Studio Solution File, Format Version 12.00
# Visual Studio Version 17
VisualStudioVersion = 17.4.33213.308
MinimumVisualStudioVersion = 10.0.40219.1
Project("{9A19103F-16F7-4668-BE54-9A1E7A4F7556}") = "AM.UI.Console", "AM.UI.Console\AM.UI.Console.csproj", "{56BFC1DA-159A-4C57-8C07-9E725EFE3B9A}"
EndProject
Project("{9A19103F-16F7-4668-BE54-9A1E7A4F7556}") = "AM.ApplicationCore", "AM.ApplicationCore\AM.ApplicationCore.csproj", "{DC87EFF9-5AA7-4456-893C-AAC5AF6531EF}"
EndProject
Project("{FAE04EC0-301F-11D3-BF4B-00C04F79EFBC}") = "AM.Infrastructure", "AM.Infrastructure\AM.Infrastructure.csproj", "{571A452C-A3E5-49ED-9A89-00B9424A8438}"
EndProject
Global
	GlobalSection(SolutionConfigurationPlatforms) = preSolution
		Debug|Any CPU = Debug|Any CPU
		Release|Any CPU = Release|Any CPU
	EndGlobalSection
	GlobalSection(ProjectConfigurationPlatforms) = postSolution
		{56BFC1DA-159A-4C57-8C07-9E725EFE3B9A}.Debug|Any CPU.ActiveCfg = Debug|Any CPU
		{56BFC1DA-159A-4C57-8C07-9E725EFE3B9A}.Debug|Any CPU.Build.0 = Debug|Any CPU
		{56BFC1DA-159A-4C57-8C07-9E725EFE3B9A}.Release|Any CPU.ActiveCfg = Release|Any CPU
		{56BFC1DA-159A-4C57-8C07-9E725EFE3B9A}.Release|Any CPU.Build.0 = Release|Any CPU
		{DC87EFF9-5AA7-4456-893C-AAC5AF6531EF}.Debug|Any CPU.ActiveCfg = Debug|Any CPU
		{DC87EFF9-5AA7-4456-893C-AAC5AF6531EF}.Debug|Any CPU.Build.0 = Debug|Any CPU
		{DC87EFF9-5AA7-4456-893C-AAC5AF6531EF}.Release|Any CPU.ActiveCfg = Release|Any CPU
		{DC87EFF9-5AA7-4456-893C-AAC5AF6531EF}.Release|Any CPU.Build.0 = Release|Any CPU
		{571A452C-A3E5-49ED-9A89-00B9424A8438}.Debug|Any CPU.ActiveCfg = Debug|Any CPU
		{571A452C-A3E5-49ED-9A89-00B9424A8438}.Debug|Any CPU.Build.0 = Debug|Any CPU
		{571A452C-A3E5-49ED-9A89-00B9424A8438}.Release|Any CPU.ActiveCfg = Release|Any CPU
		{571A452C-A3E5-49ED-9A89-00B9424A8438}.Release|Any CPU.Build.0 = Release|Any CPU
	EndGlobalSection
	GlobalSection(SolutionProperties) = preSolution
		HideSolutionNode = FALSE
	EndGlobalSection
	GlobalSection(ExtensibilityGlobals) = postSolution
		SolutionGuid = {C28442F0-7BF9-4411-B9EE-A5B50918B5C3}
	EndGlobalSection
EndGlobal
